Microsoft Visual Studio Solution File, Format Version 12.00
# Visual Studio Version 17
VisualStudioVersion = 17.5.2.0
MinimumVisualStudioVersion = 10.0.40219.1
Project("{FAE04EC0-301F-11D3-BF4B-00C04F79EFBC}") = "RecallAI.API", "RecallAI.API.csproj", "{2D20369B-B381-CDAF-8257-564657EA3B81}"
EndProject
Global
	GlobalSection(SolutionConfigurationPlatforms) = preSolution
		Debug|Any CPU = Debug|Any CPU
		Release|Any CPU = Release|Any CPU
	EndGlobalSection
	GlobalSection(ProjectConfigurationPlatforms) = postSolution
		{2D20369B-B381-CDAF-8257-564657EA3B81}.Debug|Any CPU.ActiveCfg = Debug|Any CPU
		{2D20369B-B381-CDAF-8257-564657EA3B81}.Debug|Any CPU.Build.0 = Debug|Any CPU
		{2D20369B-B381-CDAF-8257-564657EA3B81}.Release|Any CPU.ActiveCfg = Release|Any CPU
		{2D20369B-B381-CDAF-8257-564657EA3B81}.Release|Any CPU.Build.0 = Release|Any CPU
	EndGlobalSection
	GlobalSection(SolutionProperties) = preSolution
		HideSolutionNode = FALSE
	EndGlobalSection
	GlobalSection(ExtensibilityGlobals) = postSolution
		SolutionGuid = {984B34AD-7F40-43BF-AE4F-D16DC1FBC38A}
	EndGlobalSection
EndGlobal
